
Microsoft Visual Studio Solution File, Format Version 12.00
# Visual Studio 14
VisualStudioVersion = 14.0.23107.0
MinimumVisualStudioVersion = 10.0.40219.1
Project("{FAE04EC0-301F-11D3-BF4B-00C04F79EFBC}") = "RemoveString", "RemoveString\RemoveString.csproj", "{8096473E-D235-42FC-8BFE-92B9F0A82EAF}"
EndProject
Project("{FAE04EC0-301F-11D3-BF4B-00C04F79EFBC}") = "TestForRemovingCharacters", "TestForRemovingCharacters\TestForRemovingCharacters.csproj", "{9BA4602E-B7DA-44A5-8B66-0CF1DFE97138}"
EndProject
Global
	GlobalSection(SolutionConfigurationPlatforms) = preSolution
		Debug|Any CPU = Debug|Any CPU
		Release|Any CPU = Release|Any CPU
	EndGlobalSection
	GlobalSection(ProjectConfigurationPlatforms) = postSolution
		{8096473E-D235-42FC-8BFE-92B9F0A82EAF}.Debug|Any CPU.ActiveCfg = Debug|Any CPU
		{8096473E-D235-42FC-8BFE-92B9F0A82EAF}.Debug|Any CPU.Build.0 = Debug|Any CPU
		{8096473E-D235-42FC-8BFE-92B9F0A82EAF}.Release|Any CPU.ActiveCfg = Release|Any CPU
		{8096473E-D235-42FC-8BFE-92B9F0A82EAF}.Release|Any CPU.Build.0 = Release|Any CPU
		{9BA4602E-B7DA-44A5-8B66-0CF1DFE97138}.Debug|Any CPU.ActiveCfg = Debug|Any CPU
		{9BA4602E-B7DA-44A5-8B66-0CF1DFE97138}.Debug|Any CPU.Build.0 = Debug|Any CPU
		{9BA4602E-B7DA-44A5-8B66-0CF1DFE97138}.Release|Any CPU.ActiveCfg = Release|Any CPU
		{9BA4602E-B7DA-44A5-8B66-0CF1DFE97138}.Release|Any CPU.Build.0 = Release|Any CPU
	EndGlobalSection
	GlobalSection(SolutionProperties) = preSolution
		HideSolutionNode = FALSE
	EndGlobalSection
EndGlobal
